
Microsoft Visual Studio Solution File, Format Version 12.00
# Visual Studio Version 17
VisualStudioVersion = 17.14.36408.4 d17.14
MinimumVisualStudioVersion = 10.0.40219.1
Project("{FAE04EC0-301F-11D3-BF4B-00C04F79EFBC}") = "corebrush", "corebrush.csproj", "{096D5397-572E-470D-B029-E440F7621E06}"
EndProject
Global
	GlobalSection(SolutionConfigurationPlatforms) = preSolution
		Debug|Any CPU = Debug|Any CPU
		Release|Any CPU = Release|Any CPU
	EndGlobalSection
	GlobalSection(ProjectConfigurationPlatforms) = postSolution
		{096D5397-572E-470D-B029-E440F7621E06}.Debug|Any CPU.ActiveCfg = Debug|Any CPU
		{096D5397-572E-470D-B029-E440F7621E06}.Debug|Any CPU.Build.0 = Debug|Any CPU
		{096D5397-572E-470D-B029-E440F7621E06}.Release|Any CPU.ActiveCfg = Release|Any CPU
		{096D5397-572E-470D-B029-E440F7621E06}.Release|Any CPU.Build.0 = Release|Any CPU
	EndGlobalSection
	GlobalSection(SolutionProperties) = preSolution
		HideSolutionNode = FALSE
	EndGlobalSection
	GlobalSection(ExtensibilityGlobals) = postSolution
		SolutionGuid = {FFD3FCD5-E362-4EA1-B2F0-195092F278CA}
	EndGlobalSection
EndGlobal
